
Microsoft Visual Studio Solution File, Format Version 12.00
# Visual Studio Version 16
VisualStudioVersion = 16.0.31702.278
MinimumVisualStudioVersion = 10.0.40219.1
Project("{FAE04EC0-301F-11D3-BF4B-00C04F79EFBC}") = "CalculoComRaio", "CalculoComRaio.csproj", "{521A7142-62A7-4C82-9BF2-748E6820C22D}"
EndProject
Global
	GlobalSection(SolutionConfigurationPlatforms) = preSolution
		Debug|Any CPU = Debug|Any CPU
		Release|Any CPU = Release|Any CPU
	EndGlobalSection
	GlobalSection(ProjectConfigurationPlatforms) = postSolution
		{521A7142-62A7-4C82-9BF2-748E6820C22D}.Debug|Any CPU.ActiveCfg = Debug|Any CPU
		{521A7142-62A7-4C82-9BF2-748E6820C22D}.Debug|Any CPU.Build.0 = Debug|Any CPU
		{521A7142-62A7-4C82-9BF2-748E6820C22D}.Release|Any CPU.ActiveCfg = Release|Any CPU
		{521A7142-62A7-4C82-9BF2-748E6820C22D}.Release|Any CPU.Build.0 = Release|Any CPU
	EndGlobalSection
	GlobalSection(SolutionProperties) = preSolution
		HideSolutionNode = FALSE
	EndGlobalSection
	GlobalSection(ExtensibilityGlobals) = postSolution
		SolutionGuid = {2EB4F271-B6DD-4F49-8D53-DB1DBB402EB3}
	EndGlobalSection
EndGlobal
